
Microsoft Visual Studio Solution File, Format Version 12.00
# Visual Studio Version 17
VisualStudioVersion = 17.10.35122.118
MinimumVisualStudioVersion = 10.0.40219.1
Project("{FAE04EC0-301F-11D3-BF4B-00C04F79EFBC}") = "BattleShip", "BattleShip\BattleShip.csproj", "{7DA818A1-C7BE-4B07-BC35-82F0C1FAD2D1}"
EndProject
Project("{2150E333-8FDC-42A3-9474-1A3956D46DE8}") = "Элементы решения", "Элементы решения", "{0A5E572F-341B-48C1-BAF2-AF02162BA389}"
	ProjectSection(SolutionItems) = preProject
		..\ТЗ Морской бой.txt = ..\ТЗ Морской бой.txt
	EndProjectSection
EndProject
Global
	GlobalSection(SolutionConfigurationPlatforms) = preSolution
		Debug|Any CPU = Debug|Any CPU
		Release|Any CPU = Release|Any CPU
	EndGlobalSection
	GlobalSection(ProjectConfigurationPlatforms) = postSolution
		{7DA818A1-C7BE-4B07-BC35-82F0C1FAD2D1}.Debug|Any CPU.ActiveCfg = Debug|Any CPU
		{7DA818A1-C7BE-4B07-BC35-82F0C1FAD2D1}.Debug|Any CPU.Build.0 = Debug|Any CPU
		{7DA818A1-C7BE-4B07-BC35-82F0C1FAD2D1}.Release|Any CPU.ActiveCfg = Release|Any CPU
		{7DA818A1-C7BE-4B07-BC35-82F0C1FAD2D1}.Release|Any CPU.Build.0 = Release|Any CPU
	EndGlobalSection
	GlobalSection(SolutionProperties) = preSolution
		HideSolutionNode = FALSE
	EndGlobalSection
	GlobalSection(ExtensibilityGlobals) = postSolution
		SolutionGuid = {BAD56E25-C502-40BC-88E8-D797C1AB94EC}
	EndGlobalSection
EndGlobal
